
Microsoft Visual Studio Solution File, Format Version 12.00
# Visual Studio Version 17
VisualStudioVersion = 17.5.33414.496
MinimumVisualStudioVersion = 10.0.40219.1
Project("{FAE04EC0-301F-11D3-BF4B-00C04F79EFBC}") = "BlogDataLibrary", "BlogDataLibrary\BlogDataLibrary.csproj", "{A04EA477-7059-41C2-B018-A93C1CCBA941}"
EndProject
Project("{00D1A9C2-B5F0-4AF3-8072-F6C62B433612}") = "DiazBlogDB", "DiazBlogDB\DiazBlogDB.sqlproj", "{9CF3BE11-FBA9-4CB7-B667-02E72B031AA9}"
EndProject
Global
	GlobalSection(SolutionConfigurationPlatforms) = preSolution
		Debug|Any CPU = Debug|Any CPU
		Release|Any CPU = Release|Any CPU
	EndGlobalSection
	GlobalSection(ProjectConfigurationPlatforms) = postSolution
		{A04EA477-7059-41C2-B018-A93C1CCBA941}.Debug|Any CPU.ActiveCfg = Debug|Any CPU
		{A04EA477-7059-41C2-B018-A93C1CCBA941}.Debug|Any CPU.Build.0 = Debug|Any CPU
		{A04EA477-7059-41C2-B018-A93C1CCBA941}.Release|Any CPU.ActiveCfg = Release|Any CPU
		{A04EA477-7059-41C2-B018-A93C1CCBA941}.Release|Any CPU.Build.0 = Release|Any CPU
		{9CF3BE11-FBA9-4CB7-B667-02E72B031AA9}.Debug|Any CPU.ActiveCfg = Debug|Any CPU
		{9CF3BE11-FBA9-4CB7-B667-02E72B031AA9}.Debug|Any CPU.Build.0 = Debug|Any CPU
		{9CF3BE11-FBA9-4CB7-B667-02E72B031AA9}.Debug|Any CPU.Deploy.0 = Debug|Any CPU
		{9CF3BE11-FBA9-4CB7-B667-02E72B031AA9}.Release|Any CPU.ActiveCfg = Release|Any CPU
		{9CF3BE11-FBA9-4CB7-B667-02E72B031AA9}.Release|Any CPU.Build.0 = Release|Any CPU
		{9CF3BE11-FBA9-4CB7-B667-02E72B031AA9}.Release|Any CPU.Deploy.0 = Release|Any CPU
	EndGlobalSection
	GlobalSection(SolutionProperties) = preSolution
		HideSolutionNode = FALSE
	EndGlobalSection
	GlobalSection(ExtensibilityGlobals) = postSolution
		SolutionGuid = {DAF6A6CC-B177-495E-B4F4-CE13BBC08537}
	EndGlobalSection
EndGlobal
